
Microsoft Visual Studio Solution File, Format Version 12.00
# Visual Studio Version 17
VisualStudioVersion = 17.14.36408.4 d17.14
MinimumVisualStudioVersion = 10.0.40219.1
Project("{FAE04EC0-301F-11D3-BF4B-00C04F79EFBC}") = "Enums", "Enums\Enums.csproj", "{72E5ACC7-9E86-4E6A-BB34-61F03BA84260}"
EndProject
Global
	GlobalSection(SolutionConfigurationPlatforms) = preSolution
		Debug|Any CPU = Debug|Any CPU
		Release|Any CPU = Release|Any CPU
	EndGlobalSection
	GlobalSection(ProjectConfigurationPlatforms) = postSolution
		{72E5ACC7-9E86-4E6A-BB34-61F03BA84260}.Debug|Any CPU.ActiveCfg = Debug|Any CPU
		{72E5ACC7-9E86-4E6A-BB34-61F03BA84260}.Debug|Any CPU.Build.0 = Debug|Any CPU
		{72E5ACC7-9E86-4E6A-BB34-61F03BA84260}.Release|Any CPU.ActiveCfg = Release|Any CPU
		{72E5ACC7-9E86-4E6A-BB34-61F03BA84260}.Release|Any CPU.Build.0 = Release|Any CPU
	EndGlobalSection
	GlobalSection(SolutionProperties) = preSolution
		HideSolutionNode = FALSE
	EndGlobalSection
	GlobalSection(ExtensibilityGlobals) = postSolution
		SolutionGuid = {F80243F6-B132-4304-BC6F-454820565D32}
	EndGlobalSection
EndGlobal
