
Microsoft Visual Studio Solution File, Format Version 12.00
# Visual Studio Version 17
VisualStudioVersion = 17.14.36408.4 d17.14
MinimumVisualStudioVersion = 10.0.40219.1
Project("{FAE04EC0-301F-11D3-BF4B-00C04F79EFBC}") = "Interface", "Interface\Interface.csproj", "{F12E362C-E65A-492E-B70B-AE2AC78F33A6}"
EndProject
Global
	GlobalSection(SolutionConfigurationPlatforms) = preSolution
		Debug|Any CPU = Debug|Any CPU
		Release|Any CPU = Release|Any CPU
	EndGlobalSection
	GlobalSection(ProjectConfigurationPlatforms) = postSolution
		{F12E362C-E65A-492E-B70B-AE2AC78F33A6}.Debug|Any CPU.ActiveCfg = Debug|Any CPU
		{F12E362C-E65A-492E-B70B-AE2AC78F33A6}.Debug|Any CPU.Build.0 = Debug|Any CPU
		{F12E362C-E65A-492E-B70B-AE2AC78F33A6}.Release|Any CPU.ActiveCfg = Release|Any CPU
		{F12E362C-E65A-492E-B70B-AE2AC78F33A6}.Release|Any CPU.Build.0 = Release|Any CPU
	EndGlobalSection
	GlobalSection(SolutionProperties) = preSolution
		HideSolutionNode = FALSE
	EndGlobalSection
	GlobalSection(ExtensibilityGlobals) = postSolution
		SolutionGuid = {5A4349B2-5F8F-4077-AE29-4BF6051024D5}
	EndGlobalSection
EndGlobal
