
Microsoft Visual Studio Solution File, Format Version 12.00
# Visual Studio Version 17
VisualStudioVersion = 17.14.36408.4 d17.14
MinimumVisualStudioVersion = 10.0.40219.1
Project("{FAE04EC0-301F-11D3-BF4B-00C04F79EFBC}") = "Records-Immutability&Tuples", "Records-Immutability&Tuples\Records-Immutability&Tuples.csproj", "{DA7A8BB3-4683-434D-AAA2-F3AEDA7B1A3B}"
EndProject
Global
	GlobalSection(SolutionConfigurationPlatforms) = preSolution
		Debug|Any CPU = Debug|Any CPU
		Release|Any CPU = Release|Any CPU
	EndGlobalSection
	GlobalSection(ProjectConfigurationPlatforms) = postSolution
		{DA7A8BB3-4683-434D-AAA2-F3AEDA7B1A3B}.Debug|Any CPU.ActiveCfg = Debug|Any CPU
		{DA7A8BB3-4683-434D-AAA2-F3AEDA7B1A3B}.Debug|Any CPU.Build.0 = Debug|Any CPU
		{DA7A8BB3-4683-434D-AAA2-F3AEDA7B1A3B}.Release|Any CPU.ActiveCfg = Release|Any CPU
		{DA7A8BB3-4683-434D-AAA2-F3AEDA7B1A3B}.Release|Any CPU.Build.0 = Release|Any CPU
	EndGlobalSection
	GlobalSection(SolutionProperties) = preSolution
		HideSolutionNode = FALSE
	EndGlobalSection
	GlobalSection(ExtensibilityGlobals) = postSolution
		SolutionGuid = {3AAD819F-C9C6-4677-9FD6-7801FE0A5FA5}
	EndGlobalSection
EndGlobal
