
Microsoft Visual Studio Solution File, Format Version 12.00
# Visual Studio Version 17
VisualStudioVersion = 17.14.36511.14 d17.14
MinimumVisualStudioVersion = 10.0.40219.1
Project("{FAE04EC0-301F-11D3-BF4B-00C04F79EFBC}") = "Revision week 3", "Revision week 3\Revision week 3.csproj", "{6B0E2D90-2465-44F9-B8A6-B3CFE1234D18}"
EndProject
Global
	GlobalSection(SolutionConfigurationPlatforms) = preSolution
		Debug|Any CPU = Debug|Any CPU
		Release|Any CPU = Release|Any CPU
	EndGlobalSection
	GlobalSection(ProjectConfigurationPlatforms) = postSolution
		{6B0E2D90-2465-44F9-B8A6-B3CFE1234D18}.Debug|Any CPU.ActiveCfg = Debug|Any CPU
		{6B0E2D90-2465-44F9-B8A6-B3CFE1234D18}.Debug|Any CPU.Build.0 = Debug|Any CPU
		{6B0E2D90-2465-44F9-B8A6-B3CFE1234D18}.Release|Any CPU.ActiveCfg = Release|Any CPU
		{6B0E2D90-2465-44F9-B8A6-B3CFE1234D18}.Release|Any CPU.Build.0 = Release|Any CPU
	EndGlobalSection
	GlobalSection(SolutionProperties) = preSolution
		HideSolutionNode = FALSE
	EndGlobalSection
	GlobalSection(ExtensibilityGlobals) = postSolution
		SolutionGuid = {01548F17-CE9A-4A22-A087-40F496E6BFC3}
	EndGlobalSection
EndGlobal
