
Microsoft Visual Studio Solution File, Format Version 12.00
# Visual Studio Version 17
VisualStudioVersion = 17.14.36408.4 d17.14
MinimumVisualStudioVersion = 10.0.40219.1
Project("{FAE04EC0-301F-11D3-BF4B-00C04F79EFBC}") = "Extension Methods", "Extension Methods\Extension Methods.csproj", "{4666B428-6F16-41D7-BA34-57E34086FC47}"
EndProject
Global
	GlobalSection(SolutionConfigurationPlatforms) = preSolution
		Debug|Any CPU = Debug|Any CPU
		Release|Any CPU = Release|Any CPU
	EndGlobalSection
	GlobalSection(ProjectConfigurationPlatforms) = postSolution
		{4666B428-6F16-41D7-BA34-57E34086FC47}.Debug|Any CPU.ActiveCfg = Debug|Any CPU
		{4666B428-6F16-41D7-BA34-57E34086FC47}.Debug|Any CPU.Build.0 = Debug|Any CPU
		{4666B428-6F16-41D7-BA34-57E34086FC47}.Release|Any CPU.ActiveCfg = Release|Any CPU
		{4666B428-6F16-41D7-BA34-57E34086FC47}.Release|Any CPU.Build.0 = Release|Any CPU
	EndGlobalSection
	GlobalSection(SolutionProperties) = preSolution
		HideSolutionNode = FALSE
	EndGlobalSection
	GlobalSection(ExtensibilityGlobals) = postSolution
		SolutionGuid = {09D6561D-2D95-4429-A420-250FFB31A659}
	EndGlobalSection
EndGlobal
